uuid: 2199603f-e9b9-4bb6-95bd-d329ec379fc1
langcode: en
status: true
dependencies:
  content:
    - 'block_content:view_and_text_block:44a9d4c4-3749-455b-8eb9-799908e64ecf'
  module:
    - block_content
    - system
  theme:
    - bootstrap_sass
id: recentcommentsblock
theme: bootstrap_sass
region: content
weight: -12
provider: null
plugin: 'block_content:44a9d4c4-3749-455b-8eb9-799908e64ecf'
settings:
  id: 'block_content:44a9d4c4-3749-455b-8eb9-799908e64ecf'
  label: 'Recent comments block'
  provider: block_content
  label_display: '0'
  status: true
  info: ''
  view_mode: full
visibility:
  request_path:
    id: request_path
    pages: '<front>'
    negate: false
    context_mapping: {  }
